{
  "nodes": {
    "devshell-flake": {
      "locked": {
        "lastModified": 1617631469,
        "narHash": "sha256-kBoHeZPbDAfOCWjy+ialZYmlg2FXKaqHH7eH+15e3pk=",
        "owner": "numtide",
        "repo": "devshell",
        "rev": "5d2ad08eb7cb0cf1f73b6f6e0ccfd2508a4995d7",
        "type": "github"
      },
      "original": {
        "owner": "numtide",
        "repo": "devshell",
        "type": "github"
      }
    },
    "emacs-overlay": {
      "locked": {
        "lastModified": 1616214656,
        "narHash": "sha256-ceFOGcsbGlP/qtxMBlRGFH5fsbN+uGQYeHUrpgcRS4U=",
        "owner": "nix-community",
        "repo": "emacs-overlay",
        "rev": "d9530a7048f4b1c0f65825202a0ce1d111a1d39a",
        "type": "github"
      },
      "original": {
        "owner": "nix-community",
        "repo": "emacs-overlay",
        "rev": "d9530a7048f4b1c0f65825202a0ce1d111a1d39a",
        "type": "github"
      }
    },
    "emacsNg-src": {
      "flake": false,
      "locked": {
        "lastModified": 1618097931,
        "narHash": "sha256-LC8m9bv2IcOvQNqOKH4f8mCVRWgou+jDWZFbl7hAyFM=",
        "owner": "emacs-ng",
        "repo": "emacs-ng",
        "rev": "3f248da01436ef56375720d584901dcf263f46da",
        "type": "github"
      },
      "original": {
        "owner": "emacs-ng",
        "repo": "emacs-ng",
        "type": "github"
      }
    },
    "flake-compat": {
      "flake": false,
      "locked": {
        "lastModified": 1606424373,
        "narHash": "sha256-oq8d4//CJOrVj+EcOaSXvMebvuTkmBJuT5tzlfewUnQ=",
        "owner": "edolstra",
        "repo": "flake-compat",
        "rev": "99f1c2157fba4bfe6211a321fd0ee43199025dbf",
        "type": "github"
      },
      "original": {
        "owner": "edolstra",
        "repo": "flake-compat",
        "type": "github"
      }
    },
    "flake-utils": {
      "locked": {
        "lastModified": 1617631617,
        "narHash": "sha256-PARRCz55qN3gy07VJZIlFeOX420d0nGF0RzGI/9hVlw=",
        "owner": "numtide",
        "repo": "flake-utils",
        "rev": "b2c27d1a81b0dc266270fa8aeecebbd1807fc610",
        "type": "github"
      },
      "original": {
        "owner": "numtide",
        "repo": "flake-utils",
        "type": "github"
      }
    },
    "flake-utils_2": {
      "locked": {
        "lastModified": 1614513358,
        "narHash": "sha256-LakhOx3S1dRjnh0b5Dg3mbZyH0ToC9I8Y2wKSkBaTzU=",
        "owner": "numtide",
        "repo": "flake-utils",
        "rev": "5466c5bbece17adaab2d82fae80b46e807611bf3",
        "type": "github"
      },
      "original": {
        "owner": "numtide",
        "repo": "flake-utils",
        "type": "github"
      }
    },
    "master": {
      "locked": {
        "lastModified": 1610942247,
        "narHash": "sha256-PKo1ATAlC6BmfYSRmX0TVmNoFbrec+A5OKcabGEu2yU=",
        "owner": "NixOS",
        "repo": "nixpkgs",
        "rev": "7d71001b796340b219d1bfa8552c81995017544a",
        "type": "github"
      },
      "original": {
        "id": "nixpkgs",
        "rev": "7d71001b796340b219d1bfa8552c81995017544a",
        "type": "indirect"
      }
    },
    "nixpkgs": {
      "locked": {
        "lastModified": 1616189872,
        "narHash": "sha256-F6V78hQ5EBqXwo/OnoDLAfno87BdnKliDqQ6A6oBaAY=",
        "owner": "NixOS",
        "repo": "nixpkgs",
        "rev": "d09f37cc24e4ec1a567f77e553a298158185182d",
        "type": "github"
      },
      "original": {
        "id": "nixpkgs",
        "rev": "d09f37cc24e4ec1a567f77e553a298158185182d",
        "type": "indirect"
      }
    },
    "root": {
      "inputs": {
        "devshell-flake": "devshell-flake",
        "emacs-overlay": "emacs-overlay",
        "emacsNg-src": "emacsNg-src",
        "flake-compat": "flake-compat",
        "flake-utils": "flake-utils",
        "master": "master",
        "nixpkgs": "nixpkgs",
        "rust-overlay": "rust-overlay"
      }
    },
    "rust-overlay": {
      "inputs": {
        "flake-utils": "flake-utils_2",
        "nixpkgs": [
          "nixpkgs"
        ]
      },
      "locked": {
        "lastModified": 1618107926,
        "narHash": "sha256-6O6dU03hyNZp0kQ4XKqk8q3yStfvuhOyN/o5IrpzHXI=",
        "owner": "oxalica",
        "repo": "rust-overlay",
        "rev": "48188145eccbdaa9d533b93eb40b313001d6504a",
        "type": "github"
      },
      "original": {
        "owner": "oxalica",
        "repo": "rust-overlay",
        "type": "github"
      }
    }
  },
  "root": "root",
  "version": 7
}
